
Microsoft Visual Studio Solution File, Format Version 12.00
# Visual Studio Version 16
VisualStudioVersion = 16.0.31424.327
MinimumVisualStudioVersion = 10.0.40219.1
Project("{9A19103F-16F7-4668-BE54-9A1E7A4F7556}") = "BattleSkip", "BattleSkip\BattleSkip.csproj", "{FDA95E1F-5743-4057-8A4E-E759F2506A3B}"
EndProject
Project("{9A19103F-16F7-4668-BE54-9A1E7A4F7556}") = "QuickSwapItems", "QuickSwapItems\QuickSwapItems.csproj", "{1BE4F423-6702-4185-A8EF-35C6CA5D1E30}"
EndProject
Project("{9A19103F-16F7-4668-BE54-9A1E7A4F7556}") = "Respec", "Respec\Respec.csproj", "{6F6E2825-9FB8-42D1-94F8-3EC03AC2B231}"
EndProject
Project("{9A19103F-16F7-4668-BE54-9A1E7A4F7556}") = "ScalingFieldEncounters", "ScalingFieldEncounters\ScalingFieldEncounters.csproj", "{E6BBCA81-9A5A-4426-BB04-10591922340F}"
EndProject
Project("{9A19103F-16F7-4668-BE54-9A1E7A4F7556}") = "Jump", "Jump\Jump.csproj", "{DC30F999-924F-4832-8451-489E60543A7E}"
EndProject
Project("{9A19103F-16F7-4668-BE54-9A1E7A4F7556}") = "CompanionAdd", "CompanionAdd\CompanionAdd.csproj", "{A02850DD-A888-46A1-9FD1-E08BDB7F292A}"
EndProject
Project("{9A19103F-16F7-4668-BE54-9A1E7A4F7556}") = "MoreSkillPoints", "MoreSkillPoints\MoreSkillPoints.csproj", "{727CB3C4-73E8-44AD-BDD4-C7FA85A6ADB6}"
EndProject
Project("{9A19103F-16F7-4668-BE54-9A1E7A4F7556}") = "WarPartySize", "WarPartySize\WarPartySize.csproj", "{2929DB04-C0DA-4CA6-966D-20DEA153CF13}"
EndProject
Project("{9A19103F-16F7-4668-BE54-9A1E7A4F7556}") = "MerchantEdit", "MerchantEdit\MerchantEdit.csproj", "{D5ABBCDE-3BC1-4BF9-9DA0-7399135DC56F}"
EndProject
Project("{9A19103F-16F7-4668-BE54-9A1E7A4F7556}") = "CleanMerchantArea", "CleanMerchantArea\CleanMerchantArea.csproj", "{4D934589-E3FE-4445-994C-BF4D209F2DC4}"
EndProject
Project("{9A19103F-16F7-4668-BE54-9A1E7A4F7556}") = "CheatMenu", "CheatMenu\CheatMenu.csproj", "{96C4902C-A24F-4049-82C0-BBFAA6C4DD12}"
EndProject
Project("{9A19103F-16F7-4668-BE54-9A1E7A4F7556}") = "BetterFireball", "BetterFireball\BetterFireball.csproj", "{718CB386-021B-40C0-A9F0-CAFFD5CF2EF6}"
EndProject
Project("{9A19103F-16F7-4668-BE54-9A1E7A4F7556}") = "BowAnimationFix", "BowAnimationFix\BowAnimationFix.csproj", "{4CB47AAA-D0BD-4453-A06F-906977B4C231}"
EndProject
Project("{9A19103F-16F7-4668-BE54-9A1E7A4F7556}") = "MoreHairColor", "MoreHairColor\MoreHairColor.csproj", "{88B3F19A-8D81-43D2-9C99-8665ADCEE799}"
EndProject
Project("{9A19103F-16F7-4668-BE54-9A1E7A4F7556}") = "RescueMissions", "RescueMissions\RescueMissions.csproj", "{5C87E3E3-EFFD-491A-A302-F9CFB9F3C65C}"
EndProject
Project("{9A19103F-16F7-4668-BE54-9A1E7A4F7556}") = "MoreSkinColor", "MoreSkinColor\MoreSkinColor.csproj", "{E4F99DCE-0A9E-4698-94A2-AFBC1A30F944}"
EndProject
Project("{9A19103F-16F7-4668-BE54-9A1E7A4F7556}") = "Teleportation", "Teleportation\Teleportation.csproj", "{70C3A7C7-D82C-415D-A994-D520DA7735B3}"
EndProject
Project("{9A19103F-16F7-4668-BE54-9A1E7A4F7556}") = "WeaponSpeed", "WeaponSpeed\WeaponSpeed.csproj", "{7F7A8EE8-6F1E-48A7-AF88-D9B465CC24F4}"
EndProject
Project("{9A19103F-16F7-4668-BE54-9A1E7A4F7556}") = "CustomTextures", "CustomTextures\CustomTextures.csproj", "{12FE1E21-A981-41F7-9240-1E1B1E7A1613}"
EndProject
Project("{9A19103F-16F7-4668-BE54-9A1E7A4F7556}") = "FieldOfView", "FieldOfView\FieldOfView.csproj", "{F8895EB4-356A-4F3B-8A19-2BECD86F1ED5}"
EndProject
Project("{9A19103F-16F7-4668-BE54-9A1E7A4F7556}") = "AutoSave", "AutoSave\AutoSave.csproj", "{6B7E4B5C-9B6F-4F23-A384-1FEA5EC03AF1}"
EndProject
Project("{9A19103F-16F7-4668-BE54-9A1E7A4F7556}") = "EnhancedFreePose", "EnhancedFreePose\EnhancedFreePose.csproj", "{7FEE5AD2-7177-439B-BE3C-B750C08908BE}"
EndProject
Project("{9A19103F-16F7-4668-BE54-9A1E7A4F7556}") = "GearTypeDisplay", "GearTypeDisplay\GearTypeDisplay.csproj", "{339833D7-B0C1-4B46-841B-9B456BB08D2E}"
EndProject
Project("{9A19103F-16F7-4668-BE54-9A1E7A4F7556}") = "CustomPortrait", "CustomPortrait\CustomPortrait.csproj", "{09155CB8-3AA1-4082-971C-931577E1DA73}"
EndProject
Project("{9A19103F-16F7-4668-BE54-9A1E7A4F7556}") = "AdvancedMerchantTables", "AdvancedMerchantTables\AdvancedMerchantTables.csproj", "{A48CAEFC-4CBD-4E2D-AB84-8BB5B9EBA694}"
EndProject
Project("{FAE04EC0-301F-11D3-BF4B-00C04F79EFBC}") = "Resurrection", "Resurrection\Resurrection.csproj", "{2AACF43E-E001-4390-96DF-11126A66B656}"
EndProject
Project("{FAE04EC0-301F-11D3-BF4B-00C04F79EFBC}") = "RemoveFromFreePose", "RemoveFromFreePose\RemoveFromFreePose.csproj", "{E49E529D-C555-4490-8B66-9C53681D8B76}"
EndProject
Global
	GlobalSection(SolutionConfigurationPlatforms) = preSolution
		Debug|Any CPU = Debug|Any CPU
		Release|Any CPU = Release|Any CPU
	EndGlobalSection
	GlobalSection(ProjectConfigurationPlatforms) = postSolution
		{FDA95E1F-5743-4057-8A4E-E759F2506A3B}.Debug|Any CPU.ActiveCfg = Debug|Any CPU
		{FDA95E1F-5743-4057-8A4E-E759F2506A3B}.Debug|Any CPU.Build.0 = Debug|Any CPU
		{FDA95E1F-5743-4057-8A4E-E759F2506A3B}.Release|Any CPU.ActiveCfg = Release|Any CPU
		{FDA95E1F-5743-4057-8A4E-E759F2506A3B}.Release|Any CPU.Build.0 = Release|Any CPU
		{1BE4F423-6702-4185-A8EF-35C6CA5D1E30}.Debug|Any CPU.ActiveCfg = Debug|Any CPU
		{1BE4F423-6702-4185-A8EF-35C6CA5D1E30}.Debug|Any CPU.Build.0 = Debug|Any CPU
		{1BE4F423-6702-4185-A8EF-35C6CA5D1E30}.Release|Any CPU.ActiveCfg = Release|Any CPU
		{1BE4F423-6702-4185-A8EF-35C6CA5D1E30}.Release|Any CPU.Build.0 = Release|Any CPU
		{6F6E2825-9FB8-42D1-94F8-3EC03AC2B231}.Debug|Any CPU.ActiveCfg = Debug|Any CPU
		{6F6E2825-9FB8-42D1-94F8-3EC03AC2B231}.Debug|Any CPU.Build.0 = Debug|Any CPU
		{6F6E2825-9FB8-42D1-94F8-3EC03AC2B231}.Release|Any CPU.ActiveCfg = Release|Any CPU
		{6F6E2825-9FB8-42D1-94F8-3EC03AC2B231}.Release|Any CPU.Build.0 = Release|Any CPU
		{E6BBCA81-9A5A-4426-BB04-10591922340F}.Debug|Any CPU.ActiveCfg = Debug|Any CPU
		{E6BBCA81-9A5A-4426-BB04-10591922340F}.Debug|Any CPU.Build.0 = Debug|Any CPU
		{E6BBCA81-9A5A-4426-BB04-10591922340F}.Release|Any CPU.ActiveCfg = Release|Any CPU
		{E6BBCA81-9A5A-4426-BB04-10591922340F}.Release|Any CPU.Build.0 = Release|Any CPU
		{DC30F999-924F-4832-8451-489E60543A7E}.Debug|Any CPU.ActiveCfg = Debug|Any CPU
		{DC30F999-924F-4832-8451-489E60543A7E}.Debug|Any CPU.Build.0 = Debug|Any CPU
		{DC30F999-924F-4832-8451-489E60543A7E}.Release|Any CPU.ActiveCfg = Release|Any CPU
		{DC30F999-924F-4832-8451-489E60543A7E}.Release|Any CPU.Build.0 = Release|Any CPU
		{A02850DD-A888-46A1-9FD1-E08BDB7F292A}.Debug|Any CPU.ActiveCfg = Debug|Any CPU
		{A02850DD-A888-46A1-9FD1-E08BDB7F292A}.Debug|Any CPU.Build.0 = Debug|Any CPU
		{A02850DD-A888-46A1-9FD1-E08BDB7F292A}.Release|Any CPU.ActiveCfg = Release|Any CPU
		{A02850DD-A888-46A1-9FD1-E08BDB7F292A}.Release|Any CPU.Build.0 = Release|Any CPU
		{727CB3C4-73E8-44AD-BDD4-C7FA85A6ADB6}.Debug|Any CPU.ActiveCfg = Debug|Any CPU
		{727CB3C4-73E8-44AD-BDD4-C7FA85A6ADB6}.Debug|Any CPU.Build.0 = Debug|Any CPU
		{727CB3C4-73E8-44AD-BDD4-C7FA85A6ADB6}.Release|Any CPU.ActiveCfg = Release|Any CPU
		{727CB3C4-73E8-44AD-BDD4-C7FA85A6ADB6}.Release|Any CPU.Build.0 = Release|Any CPU
		{2929DB04-C0DA-4CA6-966D-20DEA153CF13}.Debug|Any CPU.ActiveCfg = Debug|Any CPU
		{2929DB04-C0DA-4CA6-966D-20DEA153CF13}.Debug|Any CPU.Build.0 = Debug|Any CPU
		{2929DB04-C0DA-4CA6-966D-20DEA153CF13}.Release|Any CPU.ActiveCfg = Release|Any CPU
		{2929DB04-C0DA-4CA6-966D-20DEA153CF13}.Release|Any CPU.Build.0 = Release|Any CPU
		{D5ABBCDE-3BC1-4BF9-9DA0-7399135DC56F}.Debug|Any CPU.ActiveCfg = Debug|Any CPU
		{D5ABBCDE-3BC1-4BF9-9DA0-7399135DC56F}.Debug|Any CPU.Build.0 = Debug|Any CPU
		{D5ABBCDE-3BC1-4BF9-9DA0-7399135DC56F}.Release|Any CPU.ActiveCfg = Release|Any CPU
		{D5ABBCDE-3BC1-4BF9-9DA0-7399135DC56F}.Release|Any CPU.Build.0 = Release|Any CPU
		{4D934589-E3FE-4445-994C-BF4D209F2DC4}.Debug|Any CPU.ActiveCfg = Debug|Any CPU
		{4D934589-E3FE-4445-994C-BF4D209F2DC4}.Debug|Any CPU.Build.0 = Debug|Any CPU
		{4D934589-E3FE-4445-994C-BF4D209F2DC4}.Release|Any CPU.ActiveCfg = Release|Any CPU
		{4D934589-E3FE-4445-994C-BF4D209F2DC4}.Release|Any CPU.Build.0 = Release|Any CPU
		{96C4902C-A24F-4049-82C0-BBFAA6C4DD12}.Debug|Any CPU.ActiveCfg = Debug|Any CPU
		{96C4902C-A24F-4049-82C0-BBFAA6C4DD12}.Debug|Any CPU.Build.0 = Debug|Any CPU
		{96C4902C-A24F-4049-82C0-BBFAA6C4DD12}.Release|Any CPU.ActiveCfg = Release|Any CPU
		{96C4902C-A24F-4049-82C0-BBFAA6C4DD12}.Release|Any CPU.Build.0 = Release|Any CPU
		{718CB386-021B-40C0-A9F0-CAFFD5CF2EF6}.Debug|Any CPU.ActiveCfg = Debug|Any CPU
		{718CB386-021B-40C0-A9F0-CAFFD5CF2EF6}.Debug|Any CPU.Build.0 = Debug|Any CPU
		{718CB386-021B-40C0-A9F0-CAFFD5CF2EF6}.Release|Any CPU.ActiveCfg = Release|Any CPU
		{718CB386-021B-40C0-A9F0-CAFFD5CF2EF6}.Release|Any CPU.Build.0 = Release|Any CPU
		{4CB47AAA-D0BD-4453-A06F-906977B4C231}.Debug|Any CPU.ActiveCfg = Debug|Any CPU
		{4CB47AAA-D0BD-4453-A06F-906977B4C231}.Debug|Any CPU.Build.0 = Debug|Any CPU
		{4CB47AAA-D0BD-4453-A06F-906977B4C231}.Release|Any CPU.ActiveCfg = Release|Any CPU
		{4CB47AAA-D0BD-4453-A06F-906977B4C231}.Release|Any CPU.Build.0 = Release|Any CPU
		{88B3F19A-8D81-43D2-9C99-8665ADCEE799}.Debug|Any CPU.ActiveCfg = Debug|Any CPU
		{88B3F19A-8D81-43D2-9C99-8665ADCEE799}.Debug|Any CPU.Build.0 = Debug|Any CPU
		{88B3F19A-8D81-43D2-9C99-8665ADCEE799}.Release|Any CPU.ActiveCfg = Release|Any CPU
		{88B3F19A-8D81-43D2-9C99-8665ADCEE799}.Release|Any CPU.Build.0 = Release|Any CPU
		{5C87E3E3-EFFD-491A-A302-F9CFB9F3C65C}.Debug|Any CPU.ActiveCfg = Debug|Any CPU
		{5C87E3E3-EFFD-491A-A302-F9CFB9F3C65C}.Debug|Any CPU.Build.0 = Debug|Any CPU
		{5C87E3E3-EFFD-491A-A302-F9CFB9F3C65C}.Release|Any CPU.ActiveCfg = Release|Any CPU
		{5C87E3E3-EFFD-491A-A302-F9CFB9F3C65C}.Release|Any CPU.Build.0 = Release|Any CPU
		{E4F99DCE-0A9E-4698-94A2-AFBC1A30F944}.Debug|Any CPU.ActiveCfg = Debug|Any CPU
		{E4F99DCE-0A9E-4698-94A2-AFBC1A30F944}.Debug|Any CPU.Build.0 = Debug|Any CPU
		{E4F99DCE-0A9E-4698-94A2-AFBC1A30F944}.Release|Any CPU.ActiveCfg = Release|Any CPU
		{E4F99DCE-0A9E-4698-94A2-AFBC1A30F944}.Release|Any CPU.Build.0 = Release|Any CPU
		{70C3A7C7-D82C-415D-A994-D520DA7735B3}.Debug|Any CPU.ActiveCfg = Debug|Any CPU
		{70C3A7C7-D82C-415D-A994-D520DA7735B3}.Debug|Any CPU.Build.0 = Debug|Any CPU
		{70C3A7C7-D82C-415D-A994-D520DA7735B3}.Release|Any CPU.ActiveCfg = Release|Any CPU
		{70C3A7C7-D82C-415D-A994-D520DA7735B3}.Release|Any CPU.Build.0 = Release|Any CPU
		{7F7A8EE8-6F1E-48A7-AF88-D9B465CC24F4}.Debug|Any CPU.ActiveCfg = Debug|Any CPU
		{7F7A8EE8-6F1E-48A7-AF88-D9B465CC24F4}.Debug|Any CPU.Build.0 = Debug|Any CPU
		{7F7A8EE8-6F1E-48A7-AF88-D9B465CC24F4}.Release|Any CPU.ActiveCfg = Release|Any CPU
		{7F7A8EE8-6F1E-48A7-AF88-D9B465CC24F4}.Release|Any CPU.Build.0 = Release|Any CPU
		{12FE1E21-A981-41F7-9240-1E1B1E7A1613}.Debug|Any CPU.ActiveCfg = Debug|Any CPU
		{12FE1E21-A981-41F7-9240-1E1B1E7A1613}.Debug|Any CPU.Build.0 = Debug|Any CPU
		{12FE1E21-A981-41F7-9240-1E1B1E7A1613}.Release|Any CPU.ActiveCfg = Release|Any CPU
		{12FE1E21-A981-41F7-9240-1E1B1E7A1613}.Release|Any CPU.Build.0 = Release|Any CPU
		{F8895EB4-356A-4F3B-8A19-2BECD86F1ED5}.Debug|Any CPU.ActiveCfg = Debug|Any CPU
		{F8895EB4-356A-4F3B-8A19-2BECD86F1ED5}.Debug|Any CPU.Build.0 = Debug|Any CPU
		{F8895EB4-356A-4F3B-8A19-2BECD86F1ED5}.Release|Any CPU.ActiveCfg = Release|Any CPU
		{F8895EB4-356A-4F3B-8A19-2BECD86F1ED5}.Release|Any CPU.Build.0 = Release|Any CPU
		{6B7E4B5C-9B6F-4F23-A384-1FEA5EC03AF1}.Debug|Any CPU.ActiveCfg = Debug|Any CPU
		{6B7E4B5C-9B6F-4F23-A384-1FEA5EC03AF1}.Debug|Any CPU.Build.0 = Debug|Any CPU
		{6B7E4B5C-9B6F-4F23-A384-1FEA5EC03AF1}.Release|Any CPU.ActiveCfg = Release|Any CPU
		{6B7E4B5C-9B6F-4F23-A384-1FEA5EC03AF1}.Release|Any CPU.Build.0 = Release|Any CPU
		{7FEE5AD2-7177-439B-BE3C-B750C08908BE}.Debug|Any CPU.ActiveCfg = Debug|Any CPU
		{7FEE5AD2-7177-439B-BE3C-B750C08908BE}.Debug|Any CPU.Build.0 = Debug|Any CPU
		{7FEE5AD2-7177-439B-BE3C-B750C08908BE}.Release|Any CPU.ActiveCfg = Release|Any CPU
		{7FEE5AD2-7177-439B-BE3C-B750C08908BE}.Release|Any CPU.Build.0 = Release|Any CPU
		{339833D7-B0C1-4B46-841B-9B456BB08D2E}.Debug|Any CPU.ActiveCfg = Debug|Any CPU
		{339833D7-B0C1-4B46-841B-9B456BB08D2E}.Debug|Any CPU.Build.0 = Debug|Any CPU
		{339833D7-B0C1-4B46-841B-9B456BB08D2E}.Release|Any CPU.ActiveCfg = Release|Any CPU
		{339833D7-B0C1-4B46-841B-9B456BB08D2E}.Release|Any CPU.Build.0 = Release|Any CPU
		{09155CB8-3AA1-4082-971C-931577E1DA73}.Debug|Any CPU.ActiveCfg = Debug|Any CPU
		{09155CB8-3AA1-4082-971C-931577E1DA73}.Debug|Any CPU.Build.0 = Debug|Any CPU
		{09155CB8-3AA1-4082-971C-931577E1DA73}.Release|Any CPU.ActiveCfg = Release|Any CPU
		{09155CB8-3AA1-4082-971C-931577E1DA73}.Release|Any CPU.Build.0 = Release|Any CPU
		{A48CAEFC-4CBD-4E2D-AB84-8BB5B9EBA694}.Debug|Any CPU.ActiveCfg = Debug|Any CPU
		{A48CAEFC-4CBD-4E2D-AB84-8BB5B9EBA694}.Debug|Any CPU.Build.0 = Debug|Any CPU
		{A48CAEFC-4CBD-4E2D-AB84-8BB5B9EBA694}.Release|Any CPU.ActiveCfg = Release|Any CPU
		{A48CAEFC-4CBD-4E2D-AB84-8BB5B9EBA694}.Release|Any CPU.Build.0 = Release|Any CPU
		{2AACF43E-E001-4390-96DF-11126A66B656}.Debug|Any CPU.ActiveCfg = Debug|Any CPU
		{2AACF43E-E001-4390-96DF-11126A66B656}.Debug|Any CPU.Build.0 = Debug|Any CPU
		{2AACF43E-E001-4390-96DF-11126A66B656}.Release|Any CPU.ActiveCfg = Release|Any CPU
		{2AACF43E-E001-4390-96DF-11126A66B656}.Release|Any CPU.Build.0 = Release|Any CPU
		{E49E529D-C555-4490-8B66-9C53681D8B76}.Debug|Any CPU.ActiveCfg = Debug|Any CPU
		{E49E529D-C555-4490-8B66-9C53681D8B76}.Debug|Any CPU.Build.0 = Debug|Any CPU
		{E49E529D-C555-4490-8B66-9C53681D8B76}.Release|Any CPU.ActiveCfg = Release|Any CPU
		{E49E529D-C555-4490-8B66-9C53681D8B76}.Release|Any CPU.Build.0 = Release|Any CPU
	EndGlobalSection
	GlobalSection(SolutionProperties) = preSolution
		HideSolutionNode = FALSE
	EndGlobalSection
	GlobalSection(ExtensibilityGlobals) = postSolution
		SolutionGuid = {66890D5A-2331-471D-A132-536E9FD6774B}
	EndGlobalSection
EndGlobal
