
Microsoft Visual Studio Solution File, Format Version 12.00
# Visual Studio Version 16
VisualStudioVersion = 16.0.31424.327
MinimumVisualStudioVersion = 10.0.40219.1
Project("{9A19103F-16F7-4668-BE54-9A1E7A4F7556}") = "EnhancedFreePose", "EnhancedFreePose\EnhancedFreePose.csproj", "{7FEE5AD2-7177-439B-BE3C-B750C08908BE}"
EndProject
Project("{9A19103F-16F7-4668-BE54-9A1E7A4F7556}") = "AdvancedMerchantTables", "AdvancedMerchantTables\AdvancedMerchantTables.csproj", "{A48CAEFC-4CBD-4E2D-AB84-8BB5B9EBA694}"
EndProject
Project("{9A19103F-16F7-4668-BE54-9A1E7A4F7556}") = "CustomizationFix", "CustomizationFix\CustomizationFix.csproj", "{E4E722EE-91F4-48C1-BAC7-5E028521135D}"
EndProject
Project("{9A19103F-16F7-4668-BE54-9A1E7A4F7556}") = "MegaMorph", "MegaMorph\MegaMorph.csproj", "{8DC0D0EF-0ECE-4B30-9EC6-FA18DF007A6C}"
EndProject
Project("{9A19103F-16F7-4668-BE54-9A1E7A4F7556}") = "StayThatWay", "StayThatWay\StayThatWay.csproj", "{073709BD-6257-47EE-819D-62598E283055}"
EndProject
Project("{9A19103F-16F7-4668-BE54-9A1E7A4F7556}") = "CameraMod", "CameraMod\CameraMod.csproj", "{4A8BDDA4-AF32-423D-AEEE-3172540F6174}"
EndProject
Project("{9A19103F-16F7-4668-BE54-9A1E7A4F7556}") = "BreastPhysics", "BreastPhysics\BreastPhysics.csproj", "{ED1B56C8-E0E8-48EE-A9A6-37BAFD43E144}"
EndProject
Global
	GlobalSection(SolutionConfigurationPlatforms) = preSolution
		Debug|Any CPU = Debug|Any CPU
		Release|Any CPU = Release|Any CPU
	EndGlobalSection
	GlobalSection(ProjectConfigurationPlatforms) = postSolution
		{7FEE5AD2-7177-439B-BE3C-B750C08908BE}.Debug|Any CPU.ActiveCfg = Debug|Any CPU
		{7FEE5AD2-7177-439B-BE3C-B750C08908BE}.Debug|Any CPU.Build.0 = Debug|Any CPU
		{7FEE5AD2-7177-439B-BE3C-B750C08908BE}.Release|Any CPU.ActiveCfg = Release|Any CPU
		{7FEE5AD2-7177-439B-BE3C-B750C08908BE}.Release|Any CPU.Build.0 = Release|Any CPU
		{A48CAEFC-4CBD-4E2D-AB84-8BB5B9EBA694}.Debug|Any CPU.ActiveCfg = Debug|Any CPU
		{A48CAEFC-4CBD-4E2D-AB84-8BB5B9EBA694}.Debug|Any CPU.Build.0 = Debug|Any CPU
		{A48CAEFC-4CBD-4E2D-AB84-8BB5B9EBA694}.Release|Any CPU.ActiveCfg = Release|Any CPU
		{A48CAEFC-4CBD-4E2D-AB84-8BB5B9EBA694}.Release|Any CPU.Build.0 = Release|Any CPU
		{E4E722EE-91F4-48C1-BAC7-5E028521135D}.Debug|Any CPU.ActiveCfg = Debug|Any CPU
		{E4E722EE-91F4-48C1-BAC7-5E028521135D}.Debug|Any CPU.Build.0 = Debug|Any CPU
		{E4E722EE-91F4-48C1-BAC7-5E028521135D}.Release|Any CPU.ActiveCfg = Release|Any CPU
		{E4E722EE-91F4-48C1-BAC7-5E028521135D}.Release|Any CPU.Build.0 = Release|Any CPU
		{8DC0D0EF-0ECE-4B30-9EC6-FA18DF007A6C}.Debug|Any CPU.ActiveCfg = Debug|Any CPU
		{8DC0D0EF-0ECE-4B30-9EC6-FA18DF007A6C}.Debug|Any CPU.Build.0 = Debug|Any CPU
		{8DC0D0EF-0ECE-4B30-9EC6-FA18DF007A6C}.Release|Any CPU.ActiveCfg = Release|Any CPU
		{8DC0D0EF-0ECE-4B30-9EC6-FA18DF007A6C}.Release|Any CPU.Build.0 = Release|Any CPU
		{073709BD-6257-47EE-819D-62598E283055}.Debug|Any CPU.ActiveCfg = Debug|Any CPU
		{073709BD-6257-47EE-819D-62598E283055}.Debug|Any CPU.Build.0 = Debug|Any CPU
		{073709BD-6257-47EE-819D-62598E283055}.Release|Any CPU.ActiveCfg = Release|Any CPU
		{073709BD-6257-47EE-819D-62598E283055}.Release|Any CPU.Build.0 = Release|Any CPU
		{4A8BDDA4-AF32-423D-AEEE-3172540F6174}.Debug|Any CPU.ActiveCfg = Debug|Any CPU
		{4A8BDDA4-AF32-423D-AEEE-3172540F6174}.Debug|Any CPU.Build.0 = Debug|Any CPU
		{4A8BDDA4-AF32-423D-AEEE-3172540F6174}.Release|Any CPU.ActiveCfg = Release|Any CPU
		{4A8BDDA4-AF32-423D-AEEE-3172540F6174}.Release|Any CPU.Build.0 = Release|Any CPU
		{ED1B56C8-E0E8-48EE-A9A6-37BAFD43E144}.Debug|Any CPU.ActiveCfg = Debug|Any CPU
		{ED1B56C8-E0E8-48EE-A9A6-37BAFD43E144}.Debug|Any CPU.Build.0 = Debug|Any CPU
		{ED1B56C8-E0E8-48EE-A9A6-37BAFD43E144}.Release|Any CPU.ActiveCfg = Release|Any CPU
		{ED1B56C8-E0E8-48EE-A9A6-37BAFD43E144}.Release|Any CPU.Build.0 = Release|Any CPU
	EndGlobalSection
	GlobalSection(SolutionProperties) = preSolution
		HideSolutionNode = FALSE
	EndGlobalSection
	GlobalSection(ExtensibilityGlobals) = postSolution
		SolutionGuid = {66890D5A-2331-471D-A132-536E9FD6774B}
	EndGlobalSection
EndGlobal
